
Microsoft Visual Studio Solution File, Format Version 12.00
# Visual Studio Version 16
VisualStudioVersion = 16.0.31911.196
MinimumVisualStudioVersion = 10.0.40219.1
Project("{FAE04EC0-301F-11D3-BF4B-00C04F79EFBC}") = "LB3_IT", "LB3_IT\LB3_IT.csproj", "{9B329BA5-F963-4001-982E-3DED39894BF3}"
EndProject
Global
	GlobalSection(SolutionConfigurationPlatforms) = preSolution
		Debug|Any CPU = Debug|Any CPU
		Release|Any CPU = Release|Any CPU
	EndGlobalSection
	GlobalSection(ProjectConfigurationPlatforms) = postSolution
		{9B329BA5-F963-4001-982E-3DED39894BF3}.Debug|Any CPU.ActiveCfg = Debug|Any CPU
		{9B329BA5-F963-4001-982E-3DED39894BF3}.Debug|Any CPU.Build.0 = Debug|Any CPU
		{9B329BA5-F963-4001-982E-3DED39894BF3}.Release|Any CPU.ActiveCfg = Release|Any CPU
		{9B329BA5-F963-4001-982E-3DED39894BF3}.Release|Any CPU.Build.0 = Release|Any CPU
	EndGlobalSection
	GlobalSection(SolutionProperties) = preSolution
		HideSolutionNode = FALSE
	EndGlobalSection
	GlobalSection(ExtensibilityGlobals) = postSolution
		SolutionGuid = {EFB77193-A283-4A4B-8CFD-A0FEC42055D9}
	EndGlobalSection
EndGlobal
